{
  "version": 4,
  "terraform_version": "1.8.0",
  "serial": 48,
  "lineage": "9a5ef448-0729-ac56-7500-6fc558dbe068",
  "outputs": {},
  "resources": [
    {
      "mode": "managed",
      "type": "google_compute_firewall",
      "name": "allow_docker_swarm",
      "provider": "provider[\"registry.terraform.io/hashicorp/google\"]",
      "instances": [
        {
          "schema_version": 1,
          "attributes": {
            "allow": [
              {
                "ports": [
                  "2377"
                ],
                "protocol": "tcp"
              }
            ],
            "creation_timestamp": "2024-04-22T11:59:09.936-07:00",
            "deny": [],
            "description": "",
            "destination_ranges": [],
            "direction": "INGRESS",
            "disabled": false,
            "enable_logging": null,
            "id": "projects/eighth-upgrade-420723/global/firewalls/allow-docker-swarm",
            "log_config": [],
            "name": "allow-docker-swarm",
            "network": "https://www.googleapis.com/compute/v1/projects/eighth-upgrade-420723/global/networks/main-vpc-network",
            "priority": 1000,
            "project": "eighth-upgrade-420723",
            "self_link": "https://www.googleapis.com/compute/v1/projects/eighth-upgrade-420723/global/firewalls/allow-docker-swarm",
            "source_ranges": null,
            "source_service_accounts": null,
            "source_tags": [
              "allow-docker-swarm"
            ],
            "target_service_accounts": null,
            "target_tags": [
              "allow-docker-swarm"
            ],
            "timeouts": null
          },
          "sensitive_attributes": [],
          "private": "eyJlMmJmYjczMC1lY2FhLTExZTYtOGY4OC0zNDM2M2JjN2M0YzAiOnsiY3JlYXRlIjoxMjAwMDAwMDAwMDAwLCJkZWxldGUiOjEyMDAwMDAwMDAwMDAsInVwZGF0ZSI6MTIwMDAwMDAwMDAwMH0sInNjaGVtYV92ZXJzaW9uIjoiMSJ9",
          "dependencies": [
            "google_compute_network.main_vpc_network"
          ]
        }
      ]
    },
    {
      "mode": "managed",
      "type": "google_compute_firewall",
      "name": "allow_ssh",
      "provider": "provider[\"registry.terraform.io/hashicorp/google\"]",
      "instances": [
        {
          "schema_version": 1,
          "attributes": {
            "allow": [
              {
                "ports": [
                  "22"
                ],
                "protocol": "tcp"
              }
            ],
            "creation_timestamp": "2024-04-22T11:15:30.426-07:00",
            "deny": [],
            "description": "",
            "destination_ranges": [],
            "direction": "INGRESS",
            "disabled": false,
            "enable_logging": null,
            "id": "projects/eighth-upgrade-420723/global/firewalls/allow-ssh",
            "log_config": [],
            "name": "allow-ssh",
            "network": "https://www.googleapis.com/compute/v1/projects/eighth-upgrade-420723/global/networks/main-vpc-network",
            "priority": 1000,
            "project": "eighth-upgrade-420723",
            "self_link": "https://www.googleapis.com/compute/v1/projects/eighth-upgrade-420723/global/firewalls/allow-ssh",
            "source_ranges": [
              "35.235.240.0/20"
            ],
            "source_service_accounts": [],
            "source_tags": [],
            "target_service_accounts": [],
            "target_tags": [
              "allow-ssh"
            ],
            "timeouts": null
          },
          "sensitive_attributes": [],
          "private": "eyJlMmJmYjczMC1lY2FhLTExZTYtOGY4OC0zNDM2M2JjN2M0YzAiOnsiY3JlYXRlIjoxMjAwMDAwMDAwMDAwLCJkZWxldGUiOjEyMDAwMDAwMDAwMDAsInVwZGF0ZSI6MTIwMDAwMDAwMDAwMH0sInNjaGVtYV92ZXJzaW9uIjoiMSJ9",
          "dependencies": [
            "google_compute_network.main_vpc_network"
          ]
        }
      ]
    },
    {
      "mode": "managed",
      "type": "google_compute_instance",
      "name": "dev_services_instance",
      "provider": "provider[\"registry.terraform.io/hashicorp/google\"]",
      "instances": [
        {
          "index_key": 0,
          "schema_version": 6,
          "attributes": {
            "advanced_machine_features": [],
            "allow_stopping_for_update": null,
            "attached_disk": [],
            "boot_disk": [
              {
                "auto_delete": true,
                "device_name": "persistent-disk-0",
                "disk_encryption_key_raw": "",
                "disk_encryption_key_sha256": "",
                "initialize_params": [
                  {
                    "image": "https://www.googleapis.com/compute/v1/projects/debian-cloud/global/images/debian-11-bullseye-v20240415",
                    "labels": {},
                    "size": 10,
                    "type": "pd-standard"
                  }
                ],
                "kms_key_self_link": "",
                "mode": "READ_WRITE",
                "source": "https://www.googleapis.com/compute/v1/projects/eighth-upgrade-420723/zones/us-east1-b/disks/dev-services-cluster-vm-1"
              }
            ],
            "can_ip_forward": false,
            "confidential_instance_config": [],
            "cpu_platform": "Intel Cascade Lake",
            "current_status": "RUNNING",
            "deletion_protection": false,
            "description": "",
            "desired_status": null,
            "enable_display": false,
            "guest_accelerator": [],
            "hostname": "",
            "id": "projects/eighth-upgrade-420723/zones/us-east1-b/instances/dev-services-cluster-vm-1",
            "instance_id": "6771976918402797411",
            "label_fingerprint": "42WmSpB8rSM=",
            "labels": {},
            "machine_type": "n2-standard-2",
            "metadata": {},
            "metadata_fingerprint": "dCZzJJrUyes=",
            "metadata_startup_script": "#!/bin/bash\n\n# Update the package index\nsudo apt update\n\n# Install dependencies\nsudo apt install -y \\\n    apt-transport-https \\\n    ca-certificates \\\n    curl \\\n    gnupg \\\n    lsb-release\n\n# Add Docker’s official GPG key\ncurl -fsSL https://download.docker.com/linux/debian/gpg | sudo gpg --dearmor -o /usr/share/keyrings/docker-archive-keyring.gpg\n\n# Set up the stable repository\necho \\\n  \"deb [arch=amd64 signed-by=/usr/share/keyrings/docker-archive-keyring.gpg] https://download.docker.com/linux/debian \\\n  $(lsb_release -cs) stable\" | sudo tee /etc/apt/sources.list.d/docker.list \u003e /dev/null\n\n# Update the package index again\nsudo apt update\n\n# Install Docker Engine\nsudo apt install -y docker-ce docker-ce-cli containerd.io\n\n# Check Docker version\nsudo docker --version\n\n# Add your user to the docker group\nsudo usermod -aG docker $USER\n\n# Enable Docker service to start on boot\nsudo systemctl enable docker\n\necho \"Docker has been installed successfully.\"\n",
            "min_cpu_platform": "",
            "name": "dev-services-cluster-vm-1",
            "network_interface": [
              {
                "access_config": [],
                "alias_ip_range": [],
                "ipv6_access_config": [],
                "ipv6_access_type": "",
                "name": "nic0",
                "network": "https://www.googleapis.com/compute/v1/projects/eighth-upgrade-420723/global/networks/main-vpc-network",
                "network_ip": "10.0.0.15",
                "nic_type": "",
                "queue_count": 0,
                "stack_type": "IPV4_ONLY",
                "subnetwork": "https://www.googleapis.com/compute/v1/projects/eighth-upgrade-420723/regions/us-east1/subnetworks/dev-vpc-subnetwork",
                "subnetwork_project": "eighth-upgrade-420723"
              }
            ],
            "project": "eighth-upgrade-420723",
            "reservation_affinity": [],
            "resource_policies": [],
            "scheduling": [
              {
                "automatic_restart": true,
                "instance_termination_action": "",
                "min_node_cpus": 0,
                "node_affinities": [],
                "on_host_maintenance": "MIGRATE",
                "preemptible": false,
                "provisioning_model": "STANDARD"
              }
            ],
            "scratch_disk": [
              {
                "interface": "NVME"
              }
            ],
            "self_link": "https://www.googleapis.com/compute/v1/projects/eighth-upgrade-420723/zones/us-east1-b/instances/dev-services-cluster-vm-1",
            "service_account": [],
            "shielded_instance_config": [
              {
                "enable_integrity_monitoring": true,
                "enable_secure_boot": false,
                "enable_vtpm": true
              }
            ],
            "tags": [
              "allow-docker-swarm",
              "allow-http",
              "allow-ssh",
              "dev-instances"
            ],
            "tags_fingerprint": "ClMLxTrTImg=",
            "timeouts": null,
            "zone": "us-east1-b"
          },
          "sensitive_attributes": [
            [
              {
                "type": "get_attr",
                "value": "boot_disk"
              },
              {
                "type": "index",
                "value": {
                  "value": 0,
                  "type": "number"
                }
              },
              {
                "type": "get_attr",
                "value": "disk_encryption_key_raw"
              }
            ]
          ],
          "private": "eyJlMmJmYjczMC1lY2FhLTExZTYtOGY4OC0zNDM2M2JjN2M0YzAiOnsiY3JlYXRlIjoxMjAwMDAwMDAwMDAwLCJkZWxldGUiOjEyMDAwMDAwMDAwMDAsInVwZGF0ZSI6MTIwMDAwMDAwMDAwMH0sInNjaGVtYV92ZXJzaW9uIjoiNiJ9",
          "dependencies": [
            "google_compute_network.main_vpc_network",
            "google_compute_subnetwork.dev_vpc_subnetwork"
          ]
        },
        {
          "index_key": 1,
          "schema_version": 6,
          "attributes": {
            "advanced_machine_features": [],
            "allow_stopping_for_update": null,
            "attached_disk": [],
            "boot_disk": [
              {
                "auto_delete": true,
                "device_name": "persistent-disk-0",
                "disk_encryption_key_raw": "",
                "disk_encryption_key_sha256": "",
                "initialize_params": [
                  {
                    "image": "https://www.googleapis.com/compute/v1/projects/debian-cloud/global/images/debian-11-bullseye-v20240415",
                    "labels": {},
                    "size": 10,
                    "type": "pd-standard"
                  }
                ],
                "kms_key_self_link": "",
                "mode": "READ_WRITE",
                "source": "https://www.googleapis.com/compute/v1/projects/eighth-upgrade-420723/zones/us-east1-b/disks/dev-services-cluster-vm-2"
              }
            ],
            "can_ip_forward": false,
            "confidential_instance_config": [],
            "cpu_platform": "Intel Cascade Lake",
            "current_status": "RUNNING",
            "deletion_protection": false,
            "description": "",
            "desired_status": null,
            "enable_display": false,
            "guest_accelerator": [],
            "hostname": "",
            "id": "projects/eighth-upgrade-420723/zones/us-east1-b/instances/dev-services-cluster-vm-2",
            "instance_id": "8776859637766623075",
            "label_fingerprint": "42WmSpB8rSM=",
            "labels": {},
            "machine_type": "n2-standard-2",
            "metadata": {},
            "metadata_fingerprint": "dCZzJJrUyes=",
            "metadata_startup_script": "#!/bin/bash\n\n# Update the package index\nsudo apt update\n\n# Install dependencies\nsudo apt install -y \\\n    apt-transport-https \\\n    ca-certificates \\\n    curl \\\n    gnupg \\\n    lsb-release\n\n# Add Docker’s official GPG key\ncurl -fsSL https://download.docker.com/linux/debian/gpg | sudo gpg --dearmor -o /usr/share/keyrings/docker-archive-keyring.gpg\n\n# Set up the stable repository\necho \\\n  \"deb [arch=amd64 signed-by=/usr/share/keyrings/docker-archive-keyring.gpg] https://download.docker.com/linux/debian \\\n  $(lsb_release -cs) stable\" | sudo tee /etc/apt/sources.list.d/docker.list \u003e /dev/null\n\n# Update the package index again\nsudo apt update\n\n# Install Docker Engine\nsudo apt install -y docker-ce docker-ce-cli containerd.io\n\n# Check Docker version\nsudo docker --version\n\n# Add your user to the docker group\nsudo usermod -aG docker $USER\n\n# Enable Docker service to start on boot\nsudo systemctl enable docker\n\necho \"Docker has been installed successfully.\"\n",
            "min_cpu_platform": "",
            "name": "dev-services-cluster-vm-2",
            "network_interface": [
              {
                "access_config": [],
                "alias_ip_range": [],
                "ipv6_access_config": [],
                "ipv6_access_type": "",
                "name": "nic0",
                "network": "https://www.googleapis.com/compute/v1/projects/eighth-upgrade-420723/global/networks/main-vpc-network",
                "network_ip": "10.0.0.16",
                "nic_type": "",
                "queue_count": 0,
                "stack_type": "IPV4_ONLY",
                "subnetwork": "https://www.googleapis.com/compute/v1/projects/eighth-upgrade-420723/regions/us-east1/subnetworks/dev-vpc-subnetwork",
                "subnetwork_project": "eighth-upgrade-420723"
              }
            ],
            "project": "eighth-upgrade-420723",
            "reservation_affinity": [],
            "resource_policies": [],
            "scheduling": [
              {
                "automatic_restart": true,
                "instance_termination_action": "",
                "min_node_cpus": 0,
                "node_affinities": [],
                "on_host_maintenance": "MIGRATE",
                "preemptible": false,
                "provisioning_model": "STANDARD"
              }
            ],
            "scratch_disk": [
              {
                "interface": "NVME"
              }
            ],
            "self_link": "https://www.googleapis.com/compute/v1/projects/eighth-upgrade-420723/zones/us-east1-b/instances/dev-services-cluster-vm-2",
            "service_account": [],
            "shielded_instance_config": [
              {
                "enable_integrity_monitoring": true,
                "enable_secure_boot": false,
                "enable_vtpm": true
              }
            ],
            "tags": [
              "allow-docker-swarm",
              "allow-http",
              "allow-ssh",
              "dev-instances"
            ],
            "tags_fingerprint": "ClMLxTrTImg=",
            "timeouts": null,
            "zone": "us-east1-b"
          },
          "sensitive_attributes": [
            [
              {
                "type": "get_attr",
                "value": "boot_disk"
              },
              {
                "type": "index",
                "value": {
                  "value": 0,
                  "type": "number"
                }
              },
              {
                "type": "get_attr",
                "value": "disk_encryption_key_raw"
              }
            ]
          ],
          "private": "eyJlMmJmYjczMC1lY2FhLTExZTYtOGY4OC0zNDM2M2JjN2M0YzAiOnsiY3JlYXRlIjoxMjAwMDAwMDAwMDAwLCJkZWxldGUiOjEyMDAwMDAwMDAwMDAsInVwZGF0ZSI6MTIwMDAwMDAwMDAwMH0sInNjaGVtYV92ZXJzaW9uIjoiNiJ9",
          "dependencies": [
            "google_compute_network.main_vpc_network",
            "google_compute_subnetwork.dev_vpc_subnetwork"
          ]
        },
        {
          "index_key": 2,
          "schema_version": 6,
          "attributes": {
            "advanced_machine_features": [],
            "allow_stopping_for_update": null,
            "attached_disk": [],
            "boot_disk": [
              {
                "auto_delete": true,
                "device_name": "persistent-disk-0",
                "disk_encryption_key_raw": "",
                "disk_encryption_key_sha256": "",
                "initialize_params": [
                  {
                    "image": "https://www.googleapis.com/compute/v1/projects/debian-cloud/global/images/debian-11-bullseye-v20240415",
                    "labels": {},
                    "size": 10,
                    "type": "pd-standard"
                  }
                ],
                "kms_key_self_link": "",
                "mode": "READ_WRITE",
                "source": "https://www.googleapis.com/compute/v1/projects/eighth-upgrade-420723/zones/us-east1-b/disks/dev-services-cluster-vm-3"
              }
            ],
            "can_ip_forward": false,
            "confidential_instance_config": [],
            "cpu_platform": "Intel Cascade Lake",
            "current_status": "RUNNING",
            "deletion_protection": false,
            "description": "",
            "desired_status": null,
            "enable_display": false,
            "guest_accelerator": [],
            "hostname": "",
            "id": "projects/eighth-upgrade-420723/zones/us-east1-b/instances/dev-services-cluster-vm-3",
            "instance_id": "1192013097440317284",
            "label_fingerprint": "42WmSpB8rSM=",
            "labels": {},
            "machine_type": "n2-standard-2",
            "metadata": {},
            "metadata_fingerprint": "dCZzJJrUyes=",
            "metadata_startup_script": "#!/bin/bash\n\n# Update the package index\nsudo apt update\n\n# Install dependencies\nsudo apt install -y \\\n    apt-transport-https \\\n    ca-certificates \\\n    curl \\\n    gnupg \\\n    lsb-release\n\n# Add Docker’s official GPG key\ncurl -fsSL https://download.docker.com/linux/debian/gpg | sudo gpg --dearmor -o /usr/share/keyrings/docker-archive-keyring.gpg\n\n# Set up the stable repository\necho \\\n  \"deb [arch=amd64 signed-by=/usr/share/keyrings/docker-archive-keyring.gpg] https://download.docker.com/linux/debian \\\n  $(lsb_release -cs) stable\" | sudo tee /etc/apt/sources.list.d/docker.list \u003e /dev/null\n\n# Update the package index again\nsudo apt update\n\n# Install Docker Engine\nsudo apt install -y docker-ce docker-ce-cli containerd.io\n\n# Check Docker version\nsudo docker --version\n\n# Add your user to the docker group\nsudo usermod -aG docker $USER\n\n# Enable Docker service to start on boot\nsudo systemctl enable docker\n\necho \"Docker has been installed successfully.\"\n",
            "min_cpu_platform": "",
            "name": "dev-services-cluster-vm-3",
            "network_interface": [
              {
                "access_config": [],
                "alias_ip_range": [],
                "ipv6_access_config": [],
                "ipv6_access_type": "",
                "name": "nic0",
                "network": "https://www.googleapis.com/compute/v1/projects/eighth-upgrade-420723/global/networks/main-vpc-network",
                "network_ip": "10.0.0.14",
                "nic_type": "",
                "queue_count": 0,
                "stack_type": "IPV4_ONLY",
                "subnetwork": "https://www.googleapis.com/compute/v1/projects/eighth-upgrade-420723/regions/us-east1/subnetworks/dev-vpc-subnetwork",
                "subnetwork_project": "eighth-upgrade-420723"
              }
            ],
            "project": "eighth-upgrade-420723",
            "reservation_affinity": [],
            "resource_policies": [],
            "scheduling": [
              {
                "automatic_restart": true,
                "instance_termination_action": "",
                "min_node_cpus": 0,
                "node_affinities": [],
                "on_host_maintenance": "MIGRATE",
                "preemptible": false,
                "provisioning_model": "STANDARD"
              }
            ],
            "scratch_disk": [
              {
                "interface": "NVME"
              }
            ],
            "self_link": "https://www.googleapis.com/compute/v1/projects/eighth-upgrade-420723/zones/us-east1-b/instances/dev-services-cluster-vm-3",
            "service_account": [],
            "shielded_instance_config": [
              {
                "enable_integrity_monitoring": true,
                "enable_secure_boot": false,
                "enable_vtpm": true
              }
            ],
            "tags": [
              "allow-docker-swarm",
              "allow-http",
              "allow-ssh",
              "dev-instances"
            ],
            "tags_fingerprint": "ClMLxTrTImg=",
            "timeouts": null,
            "zone": "us-east1-b"
          },
          "sensitive_attributes": [
            [
              {
                "type": "get_attr",
                "value": "boot_disk"
              },
              {
                "type": "index",
                "value": {
                  "value": 0,
                  "type": "number"
                }
              },
              {
                "type": "get_attr",
                "value": "disk_encryption_key_raw"
              }
            ]
          ],
          "private": "eyJlMmJmYjczMC1lY2FhLTExZTYtOGY4OC0zNDM2M2JjN2M0YzAiOnsiY3JlYXRlIjoxMjAwMDAwMDAwMDAwLCJkZWxldGUiOjEyMDAwMDAwMDAwMDAsInVwZGF0ZSI6MTIwMDAwMDAwMDAwMH0sInNjaGVtYV92ZXJzaW9uIjoiNiJ9",
          "dependencies": [
            "google_compute_network.main_vpc_network",
            "google_compute_subnetwork.dev_vpc_subnetwork"
          ]
        }
      ]
    },
    {
      "mode": "managed",
      "type": "google_compute_network",
      "name": "main_vpc_network",
      "provider": "provider[\"registry.terraform.io/hashicorp/google\"]",
      "instances": [
        {
          "schema_version": 0,
          "attributes": {
            "auto_create_subnetworks": false,
            "delete_default_routes_on_create": false,
            "description": "",
            "enable_ula_internal_ipv6": false,
            "gateway_ipv4": "",
            "id": "projects/eighth-upgrade-420723/global/networks/main-vpc-network",
            "internal_ipv6_range": "",
            "mtu": 0,
            "name": "main-vpc-network",
            "project": "eighth-upgrade-420723",
            "routing_mode": "REGIONAL",
            "self_link": "https://www.googleapis.com/compute/v1/projects/eighth-upgrade-420723/global/networks/main-vpc-network",
            "timeouts": null
          },
          "sensitive_attributes": [],
          "private": "eyJlMmJmYjczMC1lY2FhLTExZTYtOGY4OC0zNDM2M2JjN2M0YzAiOnsiY3JlYXRlIjoxMjAwMDAwMDAwMDAwLCJkZWxldGUiOjEyMDAwMDAwMDAwMDAsInVwZGF0ZSI6MTIwMDAwMDAwMDAwMH19"
        }
      ]
    },
    {
      "mode": "managed",
      "type": "google_compute_router",
      "name": "main_router",
      "provider": "provider[\"registry.terraform.io/hashicorp/google\"]",
      "instances": [
        {
          "schema_version": 0,
          "attributes": {
            "bgp": [
              {
                "advertise_mode": "DEFAULT",
                "advertised_groups": [],
                "advertised_ip_ranges": [],
                "asn": 64514,
                "keepalive_interval": 20
              }
            ],
            "creation_timestamp": "2024-04-22T11:23:02.253-07:00",
            "description": "",
            "encrypted_interconnect_router": false,
            "id": "projects/eighth-upgrade-420723/regions/us-east1/routers/main-router",
            "name": "main-router",
            "network": "https://www.googleapis.com/compute/v1/projects/eighth-upgrade-420723/global/networks/main-vpc-network",
            "project": "eighth-upgrade-420723",
            "region": "us-east1",
            "self_link": "https://www.googleapis.com/compute/v1/projects/eighth-upgrade-420723/regions/us-east1/routers/main-router",
            "timeouts": null
          },
          "sensitive_attributes": [],
          "private": "eyJlMmJmYjczMC1lY2FhLTExZTYtOGY4OC0zNDM2M2JjN2M0YzAiOnsiY3JlYXRlIjoxMjAwMDAwMDAwMDAwLCJkZWxldGUiOjEyMDAwMDAwMDAwMDAsInVwZGF0ZSI6MTIwMDAwMDAwMDAwMH19",
          "dependencies": [
            "google_compute_network.main_vpc_network"
          ]
        }
      ]
    },
    {
      "mode": "managed",
      "type": "google_compute_router_nat",
      "name": "main_router_nat",
      "provider": "provider[\"registry.terraform.io/hashicorp/google\"]",
      "instances": [
        {
          "schema_version": 0,
          "attributes": {
            "drain_nat_ips": [],
            "enable_dynamic_port_allocation": false,
            "enable_endpoint_independent_mapping": true,
            "icmp_idle_timeout_sec": 30,
            "id": "eighth-upgrade-420723/us-east1/main-router/main-router-nat",
            "log_config": [
              {
                "enable": true,
                "filter": "ERRORS_ONLY"
              }
            ],
            "max_ports_per_vm": 0,
            "min_ports_per_vm": 0,
            "name": "main-router-nat",
            "nat_ip_allocate_option": "AUTO_ONLY",
            "nat_ips": [],
            "project": "eighth-upgrade-420723",
            "region": "us-east1",
            "router": "main-router",
            "rules": [],
            "source_subnetwork_ip_ranges_to_nat": "ALL_SUBNETWORKS_ALL_IP_RANGES",
            "subnetwork": [],
            "tcp_established_idle_timeout_sec": 1200,
            "tcp_time_wait_timeout_sec": 120,
            "tcp_transitory_idle_timeout_sec": 30,
            "timeouts": null,
            "udp_idle_timeout_sec": 30
          },
          "sensitive_attributes": [],
          "private": "eyJlMmJmYjczMC1lY2FhLTExZTYtOGY4OC0zNDM2M2JjN2M0YzAiOnsiY3JlYXRlIjoxMjAwMDAwMDAwMDAwLCJkZWxldGUiOjEyMDAwMDAwMDAwMDAsInVwZGF0ZSI6MTIwMDAwMDAwMDAwMH19",
          "dependencies": [
            "google_compute_network.main_vpc_network",
            "google_compute_router.main_router"
          ]
        }
      ]
    },
    {
      "mode": "managed",
      "type": "google_compute_subnetwork",
      "name": "dev_vpc_subnetwork",
      "provider": "provider[\"registry.terraform.io/hashicorp/google\"]",
      "instances": [
        {
          "schema_version": 0,
          "attributes": {
            "creation_timestamp": "2024-04-22T11:07:03.189-07:00",
            "description": "",
            "external_ipv6_prefix": "",
            "fingerprint": null,
            "gateway_address": "10.0.0.1",
            "id": "projects/eighth-upgrade-420723/regions/us-east1/subnetworks/dev-vpc-subnetwork",
            "ip_cidr_range": "10.0.0.0/24",
            "ipv6_access_type": "",
            "ipv6_cidr_range": "",
            "log_config": [],
            "name": "dev-vpc-subnetwork",
            "network": "https://www.googleapis.com/compute/v1/projects/eighth-upgrade-420723/global/networks/main-vpc-network",
            "private_ip_google_access": false,
            "private_ipv6_google_access": "DISABLE_GOOGLE_ACCESS",
            "project": "eighth-upgrade-420723",
            "purpose": "PRIVATE",
            "region": "us-east1",
            "role": "",
            "secondary_ip_range": [],
            "self_link": "https://www.googleapis.com/compute/v1/projects/eighth-upgrade-420723/regions/us-east1/subnetworks/dev-vpc-subnetwork",
            "stack_type": "IPV4_ONLY",
            "timeouts": null
          },
          "sensitive_attributes": [],
          "private": "eyJlMmJmYjczMC1lY2FhLTExZTYtOGY4OC0zNDM2M2JjN2M0YzAiOnsiY3JlYXRlIjoxMjAwMDAwMDAwMDAwLCJkZWxldGUiOjEyMDAwMDAwMDAwMDAsInVwZGF0ZSI6MTIwMDAwMDAwMDAwMH19",
          "dependencies": [
            "google_compute_network.main_vpc_network"
          ]
        }
      ]
    }
  ],
  "check_results": null
}
